// !$*UTF8*$!
{
	archiveVersion = 1;
	classes = {
	};
	objectVersion = 50;
	objects = {

/* Begin PBXBuildFile section */
		85D811682106FA5D00158D53 /* AppDelegate.swift in Sources */ = {isa = PBXBuildFile; fileRef = 85D811672106FA5D00158D53 /* AppDelegate.swift */; };
		85D8116A2106FA5D00158D53 /* ViewController.swift in Sources */ = {isa = PBXBuildFile; fileRef = 85D811692106FA5D00158D53 /* ViewController.swift */; };
		85D8116D2106FA5D00158D53 /* Main.storyboard in Resources */ = {isa = PBXBuildFile; fileRef = 85D8116B2106FA5D00158D53 /* Main.storyboard */; };
		85D8116F2106FA6200158D53 /* Assets.xcassets in Resources */ = {isa = PBXBuildFile; fileRef = 85D8116E2106FA6200158D53 /* Assets.xcassets */; };
		85D811722106FA6200158D53 /* LaunchScreen.storyboard in Resources */ = {isa = PBXBuildFile; fileRef = 85D811702106FA6200158D53 /* LaunchScreen.storyboard */; };
		85D8117C21070BA800158D53 /* CustomTableCell.swift in Sources */ = {isa = PBXBuildFile; fileRef = 85D8117A21070BA800158D53 /* CustomTableCell.swift */; };
		85D8117D21070BA800158D53 /* CustomTableCell.xib in Resources */ = {isa = PBXBuildFile; fileRef = 85D8117B21070BA800158D53 /* CustomTableCell.xib */; };
		85D811802107200400158D53 /* SingletonClass.swift in Sources */ = {isa = PBXBuildFile; fileRef = 85D8117F2107200400158D53 /* SingletonClass.swift */; };
		85D811842107318F00158D53 /* Rubik-Medium.ttf in Resources */ = {isa = PBXBuildFile; fileRef = 85D811822107318F00158D53 /* Rubik-Medium.ttf */; };
		85D811852107318F00158D53 /* Rubik-Regular.ttf in Resources */ = {isa = PBXBuildFile; fileRef = 85D811832107318F00158D53 /* Rubik-Regular.ttf */; };
		85D8118821074AF600158D53 /* WikiModel.swift in Sources */ = {isa = PBXBuildFile; fileRef = 85D8118721074AF600158D53 /* WikiModel.swift */; };
		85D8118A21074C2F00158D53 /* StatsModel.swift in Sources */ = {isa = PBXBuildFile; fileRef = 85D8118921074C2F00158D53 /* StatsModel.swift */; };
		85D8118C21075C8200158D53 /* DetailsViewController.swift in Sources */ = {isa = PBXBuildFile; fileRef = 85D8118B21075C8200158D53 /* DetailsViewController.swift */; };
		85D8118F21075D2000158D53 /* DetailsTableCell.swift in Sources */ = {isa = PBXBuildFile; fileRef = 85D8118D21075D2000158D53 /* DetailsTableCell.swift */; };
		85D8119021075D2000158D53 /* DetailsTableCell.xib in Resources */ = {isa = PBXBuildFile; fileRef = 85D8118E21075D2000158D53 /* DetailsTableCell.xib */; };
		FC7270F53D3162110A40834C /* Pods_Assignment.framework in Frameworks */ = {isa = PBXBuildFile; fileRef = BD2E5D8FE561187EA93D2458 /* Pods_Assignment.framework */; };
/* End PBXBuildFile section */

/* Begin PBXFileReference section */
		0906C4482CDDB94586B94D88 /* Pods-Assignment.release.xcconfig */ = {isa = PBXFileReference; includeInIndex = 1; lastKnownFileType = text.xcconfig; name = "Pods-Assignment.release.xcconfig"; path = "Pods/Target Support Files/Pods-Assignment/Pods-Assignment.release.xcconfig"; sourceTree = "<group>"; };
		85D811642106FA5D00158D53 /* Assignment.app */ = {isa = PBXFileReference; explicitFileType = wrapper.application; includeInIndex = 0; path = Assignment.app; sourceTree = BUILT_PRODUCTS_DIR; };
		85D811672106FA5D00158D53 /* AppDelegate.swift */ = {isa = PBXFileReference; lastKnownFileType = sourcecode.swift; path = AppDelegate.swift; sourceTree = "<group>"; };
		85D811692106FA5D00158D53 /* ViewController.swift */ = {isa = PBXFileReference; lastKnownFileType = sourcecode.swift; path = ViewController.swift; sourceTree = "<group>"; };
		85D8116C2106FA5D00158D53 /* Base */ = {isa = PBXFileReference; lastKnownFileType = file.storyboard; name = Base; path = Base.lproj/Main.storyboard; sourceTree = "<group>"; };
		85D8116E2106FA6200158D53 /* Assets.xcassets */ = {isa = PBXFileReference; lastKnownFileType = folder.assetcatalog; path = Assets.xcassets; sourceTree = "<group>"; };
		85D811712106FA6200158D53 /* Base */ = {isa = PBXFileReference; lastKnownFileType = file.storyboard; name = Base; path = Base.lproj/LaunchScreen.storyboard; sourceTree = "<group>"; };
		85D811732106FA6200158D53 /* Info.plist */ = {isa = PBXFileReference; lastKnownFileType = text.plist.xml; path = Info.plist; sourceTree = "<group>"; };
		85D8117A21070BA800158D53 /* CustomTableCell.swift */ = {isa = PBXFileReference; lastKnownFileType = sourcecode.swift; path = CustomTableCell.swift; sourceTree = "<group>"; };
		85D8117B21070BA800158D53 /* CustomTableCell.xib */ = {isa = PBXFileReference; lastKnownFileType = file.xib; path = CustomTableCell.xib; sourceTree = "<group>"; };
		85D8117F2107200400158D53 /* SingletonClass.swift */ = {isa = PBXFileReference; lastKnownFileType = sourcecode.swift; path = SingletonClass.swift; sourceTree = "<group>"; };
		85D811822107318F00158D53 /* Rubik-Medium.ttf */ = {isa = PBXFileReference; lastKnownFileType = file; path = "Rubik-Medium.ttf"; sourceTree = "<group>"; };
		85D811832107318F00158D53 /* Rubik-Regular.ttf */ = {isa = PBXFileReference; lastKnownFileType = file; path = "Rubik-Regular.ttf"; sourceTree = "<group>"; };
		85D8118721074AF600158D53 /* WikiModel.swift */ = {isa = PBXFileReference; lastKnownFileType = sourcecode.swift; path = WikiModel.swift; sourceTree = "<group>"; };
		85D8118921074C2F00158D53 /* StatsModel.swift */ = {isa = PBXFileReference; lastKnownFileType = sourcecode.swift; path = StatsModel.swift; sourceTree = "<group>"; };
		85D8118B21075C8200158D53 /* DetailsViewController.swift */ = {isa = PBXFileReference; lastKnownFileType = sourcecode.swift; path = DetailsViewController.swift; sourceTree = "<group>"; };
		85D8118D21075D2000158D53 /* DetailsTableCell.swift */ = {isa = PBXFileReference; lastKnownFileType = sourcecode.swift; path = DetailsTableCell.swift; sourceTree = "<group>"; };
		85D8118E21075D2000158D53 /* DetailsTableCell.xib */ = {isa = PBXFileReference; lastKnownFileType = file.xib; path = DetailsTableCell.xib; sourceTree = "<group>"; };
		ACB308EEE7BCA8D37C87DF70 /* Pods-Assignment.debug.xcconfig */ = {isa = PBXFileReference; includeInIndex = 1; lastKnownFileType = text.xcconfig; name = "Pods-Assignment.debug.xcconfig"; path = "Pods/Target Support Files/Pods-Assignment/Pods-Assignment.debug.xcconfig"; sourceTree = "<group>"; };
		BD2E5D8FE561187EA93D2458 /* Pods_Assignment.framework */ = {isa = PBXFileReference; explicitFileType = wrapper.framework; includeInIndex = 0; path = Pods_Assignment.framework; sourceTree = BUILT_PRODUCTS_DIR; };
/* End PBXFileReference section */

/* Begin PBXFrameworksBuildPhase section */
		85D811612106FA5D00158D53 /* Frameworks */ = {
			isa = PBXFrameworksBuildPhase;
			buildActionMask = 2147483647;
			files = (
				FC7270F53D3162110A40834C /* Pods_Assignment.framework in Frameworks */,
			);
			runOnlyForDeploymentPostprocessing = 0;
		};
/* End PBXFrameworksBuildPhase section */

/* Begin PBXGroup section */
		1A4DAD89A80BAEBBCA2FA43F /* Pods */ = {
			isa = PBXGroup;
			children = (
				ACB308EEE7BCA8D37C87DF70 /* Pods-Assignment.debug.xcconfig */,
				0906C4482CDDB94586B94D88 /* Pods-Assignment.release.xcconfig */,
			);
			name = Pods;
			sourceTree = "<group>";
		};
		2AB1E4FCA31699B7AF9FA49A /* Frameworks */ = {
			isa = PBXGroup;
			children = (
				BD2E5D8FE561187EA93D2458 /* Pods_Assignment.framework */,
			);
			name = Frameworks;
			sourceTree = "<group>";
		};
		85D8115B2106FA5D00158D53 = {
			isa = PBXGroup;
			children = (
				85D811662106FA5D00158D53 /* Assignment */,
				85D811652106FA5D00158D53 /* Products */,
				1A4DAD89A80BAEBBCA2FA43F /* Pods */,
				2AB1E4FCA31699B7AF9FA49A /* Frameworks */,
			);
			sourceTree = "<group>";
		};
		85D811652106FA5D00158D53 /* Products */ = {
			isa = PBXGroup;
			children = (
				85D811642106FA5D00158D53 /* Assignment.app */,
			);
			name = Products;
			sourceTree = "<group>";
		};
		85D811662106FA5D00158D53 /* Assignment */ = {
			isa = PBXGroup;
			children = (
				85D8118621074AE000158D53 /* Model */,
				85D811812107317B00158D53 /* fonts */,
				85D8117E21071FD200158D53 /* Helper */,
				85D8117921070B7F00158D53 /* Cells */,
				85D811672106FA5D00158D53 /* AppDelegate.swift */,
				85D811692106FA5D00158D53 /* ViewController.swift */,
				85D8118B21075C8200158D53 /* DetailsViewController.swift */,
				85D8116B2106FA5D00158D53 /* Main.storyboard */,
				85D8116E2106FA6200158D53 /* Assets.xcassets */,
				85D811702106FA6200158D53 /* LaunchScreen.storyboard */,
				85D811732106FA6200158D53 /* Info.plist */,
			);
			path = Assignment;
			sourceTree = "<group>";
		};
		85D8117921070B7F00158D53 /* Cells */ = {
			isa = PBXGroup;
			children = (
				85D8117A21070BA800158D53 /* CustomTableCell.swift */,
				85D8117B21070BA800158D53 /* CustomTableCell.xib */,
				85D8118D21075D2000158D53 /* DetailsTableCell.swift */,
				85D8118E21075D2000158D53 /* DetailsTableCell.xib */,
			);
			path = Cells;
			sourceTree = "<group>";
		};
		85D8117E21071FD200158D53 /* Helper */ = {
			isa = PBXGroup;
			children = (
				85D8117F2107200400158D53 /* SingletonClass.swift */,
			);
			path = Helper;
			sourceTree = "<group>";
		};
		85D811812107317B00158D53 /* fonts */ = {
			isa = PBXGroup;
			children = (
				85D811822107318F00158D53 /* Rubik-Medium.ttf */,
				85D811832107318F00158D53 /* Rubik-Regular.ttf */,
			);
			path = fonts;
			sourceTree = "<group>";
		};
		85D8118621074AE000158D53 /* Model */ = {
			isa = PBXGroup;
			children = (
				85D8118721074AF600158D53 /* WikiModel.swift */,
				85D8118921074C2F00158D53 /* StatsModel.swift */,
			);
			path = Model;
			sourceTree = "<group>";
		};
/* End PBXGroup section */

/* Begin PBXNativeTarget section */
		85D811632106FA5D00158D53 /* Assignment */ = {
			isa = PBXNativeTarget;
			buildConfigurationList = 85D811762106FA6200158D53 /* Build configuration list for PBXNativeTarget "Assignment" */;
			buildPhases = (
				BD47601B76C2DC77CDCB4761 /* [CP] Check Pods Manifest.lock */,
				85D811602106FA5D00158D53 /* Sources */,
				85D811612106FA5D00158D53 /* Frameworks */,
				85D811622106FA5D00158D53 /* Resources */,
				80A6EAA54E8805A6D17F97A3 /* [CP] Embed Pods Frameworks */,
			);
			buildRules = (
			);
			dependencies = (
			);
			name = Assignment;
			productName = Assignment;
			productReference = 85D811642106FA5D00158D53 /* Assignment.app */;
			productType = "com.apple.product-type.application";
		};
/* End PBXNativeTarget section */

/* Begin PBXProject section */
		85D8115C2106FA5D00158D53 /* Project object */ = {
			isa = PBXProject;
			attributes = {
				LastSwiftUpdateCheck = 0940;
				LastUpgradeCheck = 0940;
				ORGANIZATIONNAME = Dinesh;
				TargetAttributes = {
					85D811632106FA5D00158D53 = {
						CreatedOnToolsVersion = 9.4;
					};
				};
			};
			buildConfigurationList = 85D8115F2106FA5D00158D53 /* Build configuration list for PBXProject "Assignment" */;
			compatibilityVersion = "Xcode 9.3";
			developmentRegion = en;
			hasScannedForEncodings = 0;
			knownRegions = (
				en,
				Base,
			);
			mainGroup = 85D8115B2106FA5D00158D53;
			productRefGroup = 85D811652106FA5D00158D53 /* Products */;
			projectDirPath = "";
			projectRoot = "";
			targets = (
				85D811632106FA5D00158D53 /* Assignment */,
			);
		};
/* End PBXProject section */

/* Begin PBXResourcesBuildPhase section */
		85D811622106FA5D00158D53 /* Resources */ = {
			isa = PBXResourcesBuildPhase;
			buildActionMask = 2147483647;
			files = (
				85D811722106FA6200158D53 /* LaunchScreen.storyboard in Resources */,
				85D811852107318F00158D53 /* Rubik-Regular.ttf in Resources */,
				85D8116F2106FA6200158D53 /* Assets.xcassets in Resources */,
				85D8119021075D2000158D53 /* DetailsTableCell.xib in Resources */,
				85D8116D2106FA5D00158D53 /* Main.storyboard in Resources */,
				85D8117D21070BA800158D53 /* CustomTableCell.xib in Resources */,
				85D811842107318F00158D53 /* Rubik-Medium.ttf in Resources */,
			);
			runOnlyForDeploymentPostprocessing = 0;
		};
/* End PBXResourcesBuildPhase section */

/* Begin PBXShellScriptBuildPhase section */
		80A6EAA54E8805A6D17F97A3 /* [CP] Embed Pods Frameworks */ = {
			isa = PBXShellScriptBuildPhase;
			buildActionMask = 2147483647;
			files = (
			);
			inputPaths = (
				"${SRCROOT}/Pods/Target Support Files/Pods-Assignment/Pods-Assignment-frameworks.sh",
				"${BUILT_PRODUCTS_DIR}/SDWebImage/SDWebImage.framework",
				"${BUILT_PRODUCTS_DIR}/SKActivityIndicatorView/SKActivityIndicatorView.framework",
				"${BUILT_PRODUCTS_DIR}/ShadowView/ShadowView.framework",
			);
			name = "[CP] Embed Pods Frameworks";
			outputPaths = (
				"${TARGET_BUILD_DIR}/${FRAMEWORKS_FOLDER_PATH}/SDWebImage.framework",
				"${TARGET_BUILD_DIR}/${FRAMEWORKS_FOLDER_PATH}/SKActivityIndicatorView.framework",
				"${TARGET_BUILD_DIR}/${FRAMEWORKS_FOLDER_PATH}/ShadowView.framework",
			);
			runOnlyForDeploymentPostprocessing = 0;
			shellPath = /bin/sh;
			shellScript = "\"${SRCROOT}/Pods/Target Support Files/Pods-Assignment/Pods-Assignment-frameworks.sh\"\n";
			showEnvVarsInLog = 0;
		};
		BD47601B76C2DC77CDCB4761 /* [CP] Check Pods Manifest.lock */ = {
			isa = PBXShellScriptBuildPhase;
			buildActionMask = 2147483647;
			files = (
			);
			inputPaths = (
				"${PODS_PODFILE_DIR_PATH}/Podfile.lock",
				"${PODS_ROOT}/Manifest.lock",
			);
			name = "[CP] Check Pods Manifest.lock";
			outputPaths = (
				"$(DERIVED_FILE_DIR)/Pods-Assignment-checkManifestLockResult.txt",
			);
			runOnlyForDeploymentPostprocessing = 0;
			shellPath = /bin/sh;
			shellScript = "diff \"${PODS_PODFILE_DIR_PATH}/Podfile.lock\" \"${PODS_ROOT}/Manifest.lock\" > /dev/null\nif [ $? != 0 ] ; then\n    # print error to STDERR\n    echo \"error: The sandbox is not in sync with the Podfile.lock. Run 'pod install' or update your CocoaPods installation.\" >&2\n    exit 1\nfi\n# This output is used by Xcode 'outputs' to avoid re-running this script phase.\necho \"SUCCESS\" > \"${SCRIPT_OUTPUT_FILE_0}\"\n";
			showEnvVarsInLog = 0;
		};
/* End PBXShellScriptBuildPhase section */

/* Begin PBXSourcesBuildPhase section */
		85D811602106FA5D00158D53 /* Sources */ = {
			isa = PBXSourcesBuildPhase;
			buildActionMask = 2147483647;
			files = (
				85D811802107200400158D53 /* SingletonClass.swift in Sources */,
				85D8116A2106FA5D00158D53 /* ViewController.swift in Sources */,
				85D811682106FA5D00158D53 /* AppDelegate.swift in Sources */,
				85D8118821074AF600158D53 /* WikiModel.swift in Sources */,
				85D8118C21075C8200158D53 /* DetailsViewController.swift in Sources */,
				85D8117C21070BA800158D53 /* CustomTableCell.swift in Sources */,
				85D8118A21074C2F00158D53 /* StatsModel.swift in Sources */,
				85D8118F21075D2000158D53 /* DetailsTableCell.swift in Sources */,
			);
			runOnlyForDeploymentPostprocessing = 0;
		};
/* End PBXSourcesBuildPhase section */

/* Begin PBXVariantGroup section */
		85D8116B2106FA5D00158D53 /* Main.storyboard */ = {
			isa = PBXVariantGroup;
			children = (
				85D8116C2106FA5D00158D53 /* Base */,
			);
			name = Main.storyboard;
			sourceTree = "<group>";
		};
		85D811702106FA6200158D53 /* LaunchScreen.storyboard */ = {
			isa = PBXVariantGroup;
			children = (
				85D811712106FA6200158D53 /* Base */,
			);
			name = LaunchScreen.storyboard;
			sourceTree = "<group>";
		};
/* End PBXVariantGroup section */

/* Begin XCBuildConfiguration section */
		85D811742106FA6200158D53 /* Debug */ = {
			isa = XCBuildConfiguration;
			buildSettings = {
				ALWAYS_SEARCH_USER_PATHS = NO;
				CLANG_ANALYZER_NONNULL = YES;
				CLANG_ANALYZER_NUMBER_OBJECT_CONVERSION = YES_AGGRESSIVE;
				CLANG_CXX_LANGUAGE_STANDARD = "gnu++14";
				CLANG_CXX_LIBRARY = "libc++";
				CLANG_ENABLE_MODULES = YES;
				CLANG_ENABLE_OBJC_ARC = YES;
				CLANG_ENABLE_OBJC_WEAK = YES;
				CLANG_WARN_BLOCK_CAPTURE_AUTORELEASING = YES;
				CLANG_WARN_BOOL_CONVERSION = YES;
				CLANG_WARN_COMMA = YES;
				CLANG_WARN_CONSTANT_CONVERSION = YES;
				CLANG_WARN_DEPRECATED_OBJC_IMPLEMENTATIONS = YES;
				CLANG_WARN_DIRECT_OBJC_ISA_USAGE = YES_ERROR;
				CLANG_WARN_DOCUMENTATION_COMMENTS = YES;
				CLANG_WARN_EMPTY_BODY = YES;
				CLANG_WARN_ENUM_CONVERSION = YES;
				CLANG_WARN_INFINITE_RECURSION = YES;
				CLANG_WARN_INT_CONVERSION = YES;
				CLANG_WARN_NON_LITERAL_NULL_CONVERSION = YES;
				CLANG_WARN_OBJC_IMPLICIT_RETAIN_SELF = YES;
				CLANG_WARN_OBJC_LITERAL_CONVERSION = YES;
				CLANG_WARN_OBJC_ROOT_CLASS = YES_ERROR;
				CLANG_WARN_RANGE_LOOP_ANALYSIS = YES;
				CLANG_WARN_STRICT_PROTOTYPES = YES;
				CLANG_WARN_SUSPICIOUS_MOVE = YES;
				CLANG_WARN_UNGUARDED_AVAILABILITY = YES_AGGRESSIVE;
				CLANG_WARN_UNREACHABLE_CODE = YES;
				CLANG_WARN__DUPLICATE_METHOD_MATCH = YES;
				CODE_SIGN_IDENTITY = "iPhone Developer";
				COPY_PHASE_STRIP = NO;
				DEBUG_INFORMATION_FORMAT = dwarf;
				ENABLE_STRICT_OBJC_MSGSEND = YES;
				ENABLE_TESTABILITY = YES;
				GCC_C_LANGUAGE_STANDARD = gnu11;
				GCC_DYNAMIC_NO_PIC = NO;
				GCC_NO_COMMON_BLOCKS = YES;
				GCC_OPTIMIZATION_LEVEL = 0;
				GCC_PREPROCESSOR_DEFINITIONS = (
					"DEBUG=1",
					"$(inherited)",
				);
				GCC_WARN_64_TO_32_BIT_CONVERSION = YES;
				GCC_WARN_ABOUT_RETURN_TYPE = YES_ERROR;
				GCC_WARN_UNDECLARED_SELECTOR = YES;
				GCC_WARN_UNINITIALIZED_AUTOS = YES_AGGRESSIVE;
				GCC_WARN_UNUSED_FUNCTION = YES;
				GCC_WARN_UNUSED_VARIABLE = YES;
				IPHONEOS_DEPLOYMENT_TARGET = 11.4;
				MTL_ENABLE_DEBUG_INFO = YES;
				ONLY_ACTIVE_ARCH = YES;
				SDKROOT = iphoneos;
				SWIFT_ACTIVE_COMPILATION_CONDITIONS = DEBUG;
				SWIFT_OPTIMIZATION_LEVEL = "-Onone";
			};
			name = Debug;
		};
		85D811752106FA6200158D53 /* Release */ = {
			isa = XCBuildConfiguration;
			buildSettings = {
				ALWAYS_SEARCH_USER_PATHS = NO;
				CLANG_ANALYZER_NONNULL = YES;
				CLANG_ANALYZER_NUMBER_OBJECT_CONVERSION = YES_AGGRESSIVE;
				CLANG_CXX_LANGUAGE_STANDARD = "gnu++14";
				CLANG_CXX_LIBRARY = "libc++";
				CLANG_ENABLE_MODULES = YES;
				CLANG_ENABLE_OBJC_ARC = YES;
				CLANG_ENABLE_OBJC_WEAK = YES;
				CLANG_WARN_BLOCK_CAPTURE_AUTORELEASING = YES;
				CLANG_WARN_BOOL_CONVERSION = YES;
				CLANG_WARN_COMMA = YES;
				CLANG_WARN_CONSTANT_CONVERSION = YES;
				CLANG_WARN_DEPRECATED_OBJC_IMPLEMENTATIONS = YES;
				CLANG_WARN_DIRECT_OBJC_ISA_USAGE = YES_ERROR;
				CLANG_WARN_DOCUMENTATION_COMMENTS = YES;
				CLANG_WARN_EMPTY_BODY = YES;
				CLANG_WARN_ENUM_CONVERSION = YES;
				CLANG_WARN_INFINITE_RECURSION = YES;
				CLANG_WARN_INT_CONVERSION = YES;
				CLANG_WARN_NON_LITERAL_NULL_CONVERSION = YES;
				CLANG_WARN_OBJC_IMPLICIT_RETAIN_SELF = YES;
				CLANG_WARN_OBJC_LITERAL_CONVERSION = YES;
				CLANG_WARN_OBJC_ROOT_CLASS = YES_ERROR;
				CLANG_WARN_RANGE_LOOP_ANALYSIS = YES;
				CLANG_WARN_STRICT_PROTOTYPES = YES;
				CLANG_WARN_SUSPICIOUS_MOVE = YES;
				CLANG_WARN_UNGUARDED_AVAILABILITY = YES_AGGRESSIVE;
				CLANG_WARN_UNREACHABLE_CODE = YES;
				CLANG_WARN__DUPLICATE_METHOD_MATCH = YES;
				CODE_SIGN_IDENTITY = "iPhone Developer";
				COPY_PHASE_STRIP = NO;
				DEBUG_INFORMATION_FORMAT = "dwarf-with-dsym";
				ENABLE_NS_ASSERTIONS = NO;
				ENABLE_STRICT_OBJC_MSGSEND = YES;
				GCC_C_LANGUAGE_STANDARD = gnu11;
				GCC_NO_COMMON_BLOCKS = YES;
				GCC_WARN_64_TO_32_BIT_CONVERSION = YES;
				GCC_WARN_ABOUT_RETURN_TYPE = YES_ERROR;
				GCC_WARN_UNDECLARED_SELECTOR = YES;
				GCC_WARN_UNINITIALIZED_AUTOS = YES_AGGRESSIVE;
				GCC_WARN_UNUSED_FUNCTION = YES;
				GCC_WARN_UNUSED_VARIABLE = YES;
				IPHONEOS_DEPLOYMENT_TARGET = 11.4;
				MTL_ENABLE_DEBUG_INFO = NO;
				SDKROOT = iphoneos;
				SWIFT_COMPILATION_MODE = wholemodule;
				SWIFT_OPTIMIZATION_LEVEL = "-O";
				VALIDATE_PRODUCT = YES;
			};
			name = Release;
		};
		85D811772106FA6200158D53 /* Debug */ = {
			isa = XCBuildConfiguration;
			baseConfigurationReference = ACB308EEE7BCA8D37C87DF70 /* Pods-Assignment.debug.xcconfig */;
			buildSettings = {
				ASSETCATALOG_COMPILER_APPICON_NAME = AppIcon;
				CODE_SIGN_STYLE = Automatic;
				DEVELOPMENT_TEAM = EEGRNAPU89;
				INFOPLIST_FILE = Assignment/Info.plist;
				IPHONEOS_DEPLOYMENT_TARGET = 10.0;
				LD_RUNPATH_SEARCH_PATHS = (
					"$(inherited)",
					"@executable_path/Frameworks",
				);
				PRODUCT_BUNDLE_IDENTIFIER = com.Dinesh.Assignment;
				PRODUCT_NAME = "$(TARGET_NAME)";
				SWIFT_VERSION = 4.0;
				TARGETED_DEVICE_FAMILY = "1,2";
			};
			name = Debug;
		};
		85D811782106FA6200158D53 /* Release */ = {
			isa = XCBuildConfiguration;
			baseConfigurationReference = 0906C4482CDDB94586B94D88 /* Pods-Assignment.release.xcconfig */;
			buildSettings = {
				ASSETCATALOG_COMPILER_APPICON_NAME = AppIcon;
				CODE_SIGN_STYLE = Automatic;
				DEVELOPMENT_TEAM = EEGRNAPU89;
				INFOPLIST_FILE = Assignment/Info.plist;
				IPHONEOS_DEPLOYMENT_TARGET = 10.0;
				LD_RUNPATH_SEARCH_PATHS = (
					"$(inherited)",
					"@executable_path/Frameworks",
				);
				PRODUCT_BUNDLE_IDENTIFIER = com.Dinesh.Assignment;
				PRODUCT_NAME = "$(TARGET_NAME)";
				SWIFT_VERSION = 4.0;
				TARGETED_DEVICE_FAMILY = "1,2";
			};
			name = Release;
		};
/* End XCBuildConfiguration section */

/* Begin XCConfigurationList section */
		85D8115F2106FA5D00158D53 /* Build configuration list for PBXProject "Assignment" */ = {
			isa = XCConfigurationList;
			buildConfigurations = (
				85D811742106FA6200158D53 /* Debug */,
				85D811752106FA6200158D53 /* Release */,
			);
			defaultConfigurationIsVisible = 0;
			defaultConfigurationName = Release;
		};
		85D811762106FA6200158D53 /* Build configuration list for PBXNativeTarget "Assignment" */ = {
			isa = XCConfigurationList;
			buildConfigurations = (
				85D811772106FA6200158D53 /* Debug */,
				85D811782106FA6200158D53 /* Release */,
			);
			defaultConfigurationIsVisible = 0;
			defaultConfigurationName = Release;
		};
/* End XCConfigurationList section */
	};
	rootObject = 85D8115C2106FA5D00158D53 /* Project object */;
}
